# generated by rye
# use `rye lock` or `rye sync` to update this lockfile
#
# last locked with the following flags:
#   pre: false
#   features: []
#   all-features: false
#   with-sources: false

-e file:.
certifi==2024.6.2
    # via requests
charset-normalizer==3.3.2
    # via requests
dropbox==12.0.1
    # via dropoff
idna==3.7
    # via requests
ply==3.11
    # via stone
requests==2.32.3
    # via dropbox
six==1.16.0
    # via dropbox
    # via stone
stone==3.3.1
    # via dropbox
urllib3==1.26.18
    # via dropbox
    # via requests
